
Microsoft Visual Studio Solution File, Format Version 12.00
# Visual Studio 15
VisualStudioVersion = 15.0.27004.2005
MinimumVisualStudioVersion = 10.0.40219.1
Project("{FAE04EC0-301F-11D3-BF4B-00C04F79EFBC}") = "Lab4", "Lab4\Lab4.csproj", "{6113A279-117E-4161-AA3F-8B36CF9A6C1D}"
EndProject
Global
	GlobalSection(SolutionConfigurationPlatforms) = preSolution
		Debug|Any CPU = Debug|Any CPU
		Release|Any CPU = Release|Any CPU
	EndGlobalSection
	GlobalSection(ProjectConfigurationPlatforms) = postSolution
		{6113A279-117E-4161-AA3F-8B36CF9A6C1D}.Debug|Any CPU.ActiveCfg = Debug|Any CPU
		{6113A279-117E-4161-AA3F-8B36CF9A6C1D}.Debug|Any CPU.Build.0 = Debug|Any CPU
		{6113A279-117E-4161-AA3F-8B36CF9A6C1D}.Release|Any CPU.ActiveCfg = Release|Any CPU
		{6113A279-117E-4161-AA3F-8B36CF9A6C1D}.Release|Any CPU.Build.0 = Release|Any CPU
	EndGlobalSection
	GlobalSection(SolutionProperties) = preSolution
		HideSolutionNode = FALSE
	EndGlobalSection
	GlobalSection(ExtensibilityGlobals) = postSolution
		SolutionGuid = {1ACAB550-8498-4698-B1FE-07ADE9EB7080}
	EndGlobalSection
EndGlobal
